
Microsoft Visual Studio Solution File, Format Version 12.00
# Visual Studio Version 17
VisualStudioVersion = 17.8.34330.188
MinimumVisualStudioVersion = 10.0.40219.1
Project("{FAE04EC0-301F-11D3-BF4B-00C04F79EFBC}") = "WebAPI", "WebAPI.csproj", "{B81E086C-13D3-4D3F-9DF5-9F973C98018C}"
EndProject
Global
	GlobalSection(SolutionConfigurationPlatforms) = preSolution
		Debug|Any CPU = Debug|Any CPU
		Release|Any CPU = Release|Any CPU
	EndGlobalSection
	GlobalSection(ProjectConfigurationPlatforms) = postSolution
		{B81E086C-13D3-4D3F-9DF5-9F973C98018C}.Debug|Any CPU.ActiveCfg = Debug|Any CPU
		{B81E086C-13D3-4D3F-9DF5-9F973C98018C}.Debug|Any CPU.Build.0 = Debug|Any CPU
		{B81E086C-13D3-4D3F-9DF5-9F973C98018C}.Release|Any CPU.ActiveCfg = Release|Any CPU
		{B81E086C-13D3-4D3F-9DF5-9F973C98018C}.Release|Any CPU.Build.0 = Release|Any CPU
	EndGlobalSection
	GlobalSection(SolutionProperties) = preSolution
		HideSolutionNode = FALSE
	EndGlobalSection
	GlobalSection(ExtensibilityGlobals) = postSolution
		SolutionGuid = {C0D530D9-2967-4D60-B64A-AF0289F24150}
	EndGlobalSection
EndGlobal
